Microsoft Visual Studio Solution File, Format Version 12.00
# Visual Studio Version 17
VisualStudioVersion = 17.0.31903.59
MinimumVisualStudioVersion = 10.0.40219.1
Project("{FAE04EC0-301F-11D3-BF4B-00C04F79EFBC}") = "HackerNews.Api", "HackerNews.Api\HackerNews.Api.csproj", "{2ED55C44-158C-41CD-B27F-2D0267A9E9E2}"
EndProject
Project("{FAE04EC0-301F-11D3-BF4B-00C04F79EFBC}") = "HackerNews.Tests", "HackerNews.Tests\HackerNews.Tests.csproj", "{D8526B38-8874-4975-9A68-330A44496221}"
EndProject
Global
	GlobalSection(SolutionConfigurationPlatforms) = preSolution
		Debug|Any CPU = Debug|Any CPU
		Release|Any CPU = Release|Any CPU
	EndGlobalSection
	GlobalSection(ProjectConfigurationPlatforms) = postSolution
		{2ED55C44-158C-41CD-B27F-2D0267A9E9E2}.Debug|Any CPU.ActiveCfg = Debug|Any CPU
		{2ED55C44-158C-41CD-B27F-2D0267A9E9E2}.Debug|Any CPU.Build.0 = Debug|Any CPU
		{2ED55C44-158C-41CD-B27F-2D0267A9E9E2}.Release|Any CPU.ActiveCfg = Release|Any CPU
		{2ED55C44-158C-41CD-B27F-2D0267A9E9E2}.Release|Any CPU.Build.0 = Release|Any CPU
		{D8526B38-8874-4975-9A68-330A44496221}.Debug|Any CPU.ActiveCfg = Debug|Any CPU
		{D8526B38-8874-4975-9A68-330A44496221}.Debug|Any CPU.Build.0 = Debug|Any CPU
		{D8526B38-8874-4975-9A68-330A44496221}.Release|Any CPU.ActiveCfg = Release|Any CPU
		{D8526B38-8874-4975-9A68-330A44496221}.Release|Any CPU.Build.0 = Release|Any CPU
	EndGlobalSection
EndGlobal
